
Microsoft Visual Studio Solution File, Format Version 12.00
# Visual Studio Version 17
VisualStudioVersion = 17.1.32407.343
MinimumVisualStudioVersion = 10.0.40219.1
Project("{FAE04EC0-301F-11D3-BF4B-00C04F79EFBC}") = "dbtask", "dbtask\dbtask.csproj", "{7C547321-0217-43D9-A116-BA21304BD366}"
EndProject
Global
	GlobalSection(SolutionConfigurationPlatforms) = preSolution
		Debug|Any CPU = Debug|Any CPU
		Release|Any CPU = Release|Any CPU
	EndGlobalSection
	GlobalSection(ProjectConfigurationPlatforms) = postSolution
		{7C547321-0217-43D9-A116-BA21304BD366}.Debug|Any CPU.ActiveCfg = Debug|Any CPU
		{7C547321-0217-43D9-A116-BA21304BD366}.Debug|Any CPU.Build.0 = Debug|Any CPU
		{7C547321-0217-43D9-A116-BA21304BD366}.Release|Any CPU.ActiveCfg = Release|Any CPU
		{7C547321-0217-43D9-A116-BA21304BD366}.Release|Any CPU.Build.0 = Release|Any CPU
	EndGlobalSection
	GlobalSection(SolutionProperties) = preSolution
		HideSolutionNode = FALSE
	EndGlobalSection
	GlobalSection(ExtensibilityGlobals) = postSolution
		SolutionGuid = {80ADDF0B-4470-4862-B95F-99CFA4CC94D1}
	EndGlobalSection
EndGlobal
